// !$*UTF8*$!
{
	archiveVersion = 1;
	classes = {
	};
	objectVersion = 46;
	objects = {

/* Begin PBXBuildFile section */
		4018F06815F6D00600DB5B15 /* forest.m4a in Resources */ = {isa = PBXBuildFile; fileRef = 4018F06515F6D00600DB5B15 /* forest.m4a */; };
		4018F06915F6D00600DB5B15 /* rain.m4a in Resources */ = {isa = PBXBuildFile; fileRef = 4018F06615F6D00600DB5B15 /* rain.m4a */; };
		4018F06A15F6D00600DB5B15 /* stream.m4a in Resources */ = {isa = PBXBuildFile; fileRef = 4018F06715F6D00600DB5B15 /* stream.m4a */; };
		40A2069015F67790004BE2E1 /* UIKit.framework in Frameworks */ = {isa = PBXBuildFile; fileRef = 40A2068F15F67790004BE2E1 /* UIKit.framework */; };
		40A2069215F67790004BE2E1 /* Foundation.framework in Frameworks */ = {isa = PBXBuildFile; fileRef = 40A2069115F67790004BE2E1 /* Foundation.framework */; };
		40A2069415F67790004BE2E1 /* CoreGraphics.framework in Frameworks */ = {isa = PBXBuildFile; fileRef = 40A2069315F67790004BE2E1 /* CoreGraphics.framework */; };
		40A2069A15F67790004BE2E1 /* InfoPlist.strings in Resources */ = {isa = PBXBuildFile; fileRef = 40A2069815F67790004BE2E1 /* InfoPlist.strings */; };
		40A2069C15F67790004BE2E1 /* main.m in Sources */ = {isa = PBXBuildFile; fileRef = 40A2069B15F67790004BE2E1 /* main.m */; };
		40A206A015F67790004BE2E1 /* APAppDelegate.m in Sources */ = {isa = PBXBuildFile; fileRef = 40A2069F15F67790004BE2E1 /* APAppDelegate.m */; };
		40A206A315F67790004BE2E1 /* APViewController.m in Sources */ = {isa = PBXBuildFile; fileRef = 40A206A215F67790004BE2E1 /* APViewController.m */; };
		40A206A615F67790004BE2E1 /* APViewController_iPhone.xib in Resources */ = {isa = PBXBuildFile; fileRef = 40A206A415F67790004BE2E1 /* APViewController_iPhone.xib */; };
		40A206A915F67791004BE2E1 /* APViewController_iPad.xib in Resources */ = {isa = PBXBuildFile; fileRef = 40A206A715F67791004BE2E1 /* APViewController_iPad.xib */; };
		40A206B115F67791004BE2E1 /* SenTestingKit.framework in Frameworks */ = {isa = PBXBuildFile; fileRef = 40A206B015F67791004BE2E1 /* SenTestingKit.framework */; };
		40A206B215F67791004BE2E1 /* UIKit.framework in Frameworks */ = {isa = PBXBuildFile; fileRef = 40A2068F15F67790004BE2E1 /* UIKit.framework */; };
		40A206B315F67791004BE2E1 /* Foundation.framework in Frameworks */ = {isa = PBXBuildFile; fileRef = 40A2069115F67790004BE2E1 /* Foundation.framework */; };
		40A206BB15F67791004BE2E1 /* InfoPlist.strings in Resources */ = {isa = PBXBuildFile; fileRef = 40A206B915F67791004BE2E1 /* InfoPlist.strings */; };
		40A206BE15F67791004BE2E1 /* AmbientPlayerTests.m in Sources */ = {isa = PBXBuildFile; fileRef = 40A206BD15F67791004BE2E1 /* AmbientPlayerTests.m */; };
		40A206C815F67C19004BE2E1 /* AVFoundation.framework in Frameworks */ = {isa = PBXBuildFile; fileRef = 40A206C715F67C19004BE2E1 /* AVFoundation.framework */; };
		40A206D715F682E0004BE2E1 /* ocean.m4a in Resources */ = {isa = PBXBuildFile; fileRef = 40A206D615F682E0004BE2E1 /* ocean.m4a */; };
		7EDE0C0415FB108200789400 /* APCrossFadePlayer.m in Sources */ = {isa = PBXBuildFile; fileRef = 7EDE0C0315FB108200789400 /* APCrossFadePlayer.m */; };
		7EDE0C0615FB180000789400 /* sea.m4a in Resources */ = {isa = PBXBuildFile; fileRef = 7EDE0C0515FB180000789400 /* sea.m4a */; };
/* End PBXBuildFile section */

/* Begin PBXContainerItemProxy section */
		40A206B415F67791004BE2E1 /* PBXContainerItemProxy */ = {
			isa = PBXContainerItemProxy;
			containerPortal = 40A2068215F67790004BE2E1 /* Project object */;
			proxyType = 1;
			remoteGlobalIDString = 40A2068A15F67790004BE2E1;
			remoteInfo = AmbientPlayer;
		};
/* End PBXContainerItemProxy section */

/* Begin PBXFileReference section */
		4018F06515F6D00600DB5B15 /* forest.m4a */ = {isa = PBXFileReference; lastKnownFileType = file; path = forest.m4a; sourceTree = "<group>"; };
		4018F06615F6D00600DB5B15 /* rain.m4a */ = {isa = PBXFileReference; lastKnownFileType = file; path = rain.m4a; sourceTree = "<group>"; };
		4018F06715F6D00600DB5B15 /* stream.m4a */ = {isa = PBXFileReference; lastKnownFileType = file; path = stream.m4a; sourceTree = "<group>"; };
		40A2068B15F67790004BE2E1 /* AmbientPlayer.app */ = {isa = PBXFileReference; explicitFileType = wrapper.application; includeInIndex = 0; path = AmbientPlayer.app; sourceTree = BUILT_PRODUCTS_DIR; };
		40A2068F15F67790004BE2E1 /* UIKit.framework */ = {isa = PBXFileReference; lastKnownFileType = wrapper.framework; name = UIKit.framework; path = System/Library/Frameworks/UIKit.framework; sourceTree = SDKROOT; };
		40A2069115F67790004BE2E1 /* Foundation.framework */ = {isa = PBXFileReference; lastKnownFileType = wrapper.framework; name = Foundation.framework; path = System/Library/Frameworks/Foundation.framework; sourceTree = SDKROOT; };
		40A2069315F67790004BE2E1 /* CoreGraphics.framework */ = {isa = PBXFileReference; lastKnownFileType = wrapper.framework; name = CoreGraphics.framework; path = System/Library/Frameworks/CoreGraphics.framework; sourceTree = SDKROOT; };
		40A2069715F67790004BE2E1 /* AmbientPlayer-Info.plist */ = {isa = PBXFileReference; lastKnownFileType = text.plist.xml; path = "AmbientPlayer-Info.plist"; sourceTree = "<group>"; };
		40A2069915F67790004BE2E1 /* en */ = {isa = PBXFileReference; lastKnownFileType = text.plist.strings; name = en; path = en.lproj/InfoPlist.strings; sourceTree = "<group>"; };
		40A2069B15F67790004BE2E1 /* main.m */ = {isa = PBXFileReference; lastKnownFileType = sourcecode.c.objc; path = main.m; sourceTree = "<group>"; };
		40A2069D15F67790004BE2E1 /* AmbientPlayer-Prefix.pch */ = {isa = PBXFileReference; lastKnownFileType = sourcecode.c.h; path = "AmbientPlayer-Prefix.pch"; sourceTree = "<group>"; };
		40A2069E15F67790004BE2E1 /* APAppDelegate.h */ = {isa = PBXFileReference; lastKnownFileType = sourcecode.c.h; path = APAppDelegate.h; sourceTree = "<group>"; };
		40A2069F15F67790004BE2E1 /* APAppDelegate.m */ = {isa = PBXFileReference; lastKnownFileType = sourcecode.c.objc; path = APAppDelegate.m; sourceTree = "<group>"; };
		40A206A115F67790004BE2E1 /* APViewController.h */ = {isa = PBXFileReference; lastKnownFileType = sourcecode.c.h; path = APViewController.h; sourceTree = "<group>"; };
		40A206A215F67790004BE2E1 /* APViewController.m */ = {isa = PBXFileReference; lastKnownFileType = sourcecode.c.objc; path = APViewController.m; sourceTree = "<group>"; };
		40A206A515F67790004BE2E1 /* en */ = {isa = PBXFileReference; lastKnownFileType = file.xib; name = en; path = en.lproj/APViewController_iPhone.xib; sourceTree = "<group>"; };
		40A206A815F67791004BE2E1 /* en */ = {isa = PBXFileReference; lastKnownFileType = file.xib; name = en; path = en.lproj/APViewController_iPad.xib; sourceTree = "<group>"; };
		40A206AF15F67791004BE2E1 /* AmbientPlayerTests.octest */ = {isa = PBXFileReference; explicitFileType = wrapper.cfbundle; includeInIndex = 0; path = AmbientPlayerTests.octest; sourceTree = BUILT_PRODUCTS_DIR; };
		40A206B015F67791004BE2E1 /* SenTestingKit.framework */ = {isa = PBXFileReference; lastKnownFileType = wrapper.framework; name = SenTestingKit.framework; path = Library/Frameworks/SenTestingKit.framework; sourceTree = DEVELOPER_DIR; };
		40A206B815F67791004BE2E1 /* AmbientPlayerTests-Info.plist */ = {isa = PBXFileReference; lastKnownFileType = text.plist.xml; path = "AmbientPlayerTests-Info.plist"; sourceTree = "<group>"; };
		40A206BA15F67791004BE2E1 /* en */ = {isa = PBXFileReference; lastKnownFileType = text.plist.strings; name = en; path = en.lproj/InfoPlist.strings; sourceTree = "<group>"; };
		40A206BC15F67791004BE2E1 /* AmbientPlayerTests.h */ = {isa = PBXFileReference; lastKnownFileType = sourcecode.c.h; path = AmbientPlayerTests.h; sourceTree = "<group>"; };
		40A206BD15F67791004BE2E1 /* AmbientPlayerTests.m */ = {isa = PBXFileReference; lastKnownFileType = sourcecode.c.objc; path = AmbientPlayerTests.m; sourceTree = "<group>"; };
		40A206C715F67C19004BE2E1 /* AVFoundation.framework */ = {isa = PBXFileReference; lastKnownFileType = wrapper.framework; name = AVFoundation.framework; path = ../../../../../../System/Library/Frameworks/AVFoundation.framework; sourceTree = "<group>"; };
		40A206D615F682E0004BE2E1 /* ocean.m4a */ = {isa = PBXFileReference; lastKnownFileType = file; path = ocean.m4a; sourceTree = "<group>"; };
		7EDE0C0215FB108200789400 /* APCrossFadePlayer.h */ = {isa = PBXFileReference; fileEncoding = 4; lastKnownFileType = sourcecode.c.h; path = APCrossFadePlayer.h; sourceTree = "<group>"; };
		7EDE0C0315FB108200789400 /* APCrossFadePlayer.m */ = {isa = PBXFileReference; fileEncoding = 4; lastKnownFileType = sourcecode.c.objc; path = APCrossFadePlayer.m; sourceTree = "<group>"; };
		7EDE0C0515FB180000789400 /* sea.m4a */ = {isa = PBXFileReference; lastKnownFileType = file; path = sea.m4a; sourceTree = "<group>"; };
/* End PBXFileReference section */

/* Begin PBXFrameworksBuildPhase section */
		40A2068815F67790004BE2E1 /* Frameworks */ = {
			isa = PBXFrameworksBuildPhase;
			buildActionMask = 2147483647;
			files = (
				40A2069015F67790004BE2E1 /* UIKit.framework in Frameworks */,
				40A2069215F67790004BE2E1 /* Foundation.framework in Frameworks */,
				40A2069415F67790004BE2E1 /* CoreGraphics.framework in Frameworks */,
				40A206C815F67C19004BE2E1 /* AVFoundation.framework in Frameworks */,
			);
			runOnlyForDeploymentPostprocessing = 0;
		};
		40A206AB15F67791004BE2E1 /* Frameworks */ = {
			isa = PBXFrameworksBuildPhase;
			buildActionMask = 2147483647;
			files = (
				40A206B115F67791004BE2E1 /* SenTestingKit.framework in Frameworks */,
				40A206B215F67791004BE2E1 /* UIKit.framework in Frameworks */,
				40A206B315F67791004BE2E1 /* Foundation.framework in Frameworks */,
			);
			runOnlyForDeploymentPostprocessing = 0;
		};
/* End PBXFrameworksBuildPhase section */

/* Begin PBXGroup section */
		4018F06315F6AA0300DB5B15 /* sounds */ = {
			isa = PBXGroup;
			children = (
				4018F06515F6D00600DB5B15 /* forest.m4a */,
				40A206D615F682E0004BE2E1 /* ocean.m4a */,
				4018F06615F6D00600DB5B15 /* rain.m4a */,
				7EDE0C0515FB180000789400 /* sea.m4a */,
				4018F06715F6D00600DB5B15 /* stream.m4a */,
			);
			name = sounds;
			path = sound;
			sourceTree = "<group>";
		};
		40A2068015F67790004BE2E1 = {
			isa = PBXGroup;
			children = (
				4018F06315F6AA0300DB5B15 /* sounds */,
				40A2069515F67790004BE2E1 /* AmbientPlayer */,
				40A206B615F67791004BE2E1 /* AmbientPlayerTests */,
				40A2068E15F67790004BE2E1 /* Frameworks */,
				40A2068C15F67790004BE2E1 /* Products */,
			);
			sourceTree = "<group>";
		};
		40A2068C15F67790004BE2E1 /* Products */ = {
			isa = PBXGroup;
			children = (
				40A2068B15F67790004BE2E1 /* AmbientPlayer.app */,
				40A206AF15F67791004BE2E1 /* AmbientPlayerTests.octest */,
			);
			name = Products;
			sourceTree = "<group>";
		};
		40A2068E15F67790004BE2E1 /* Frameworks */ = {
			isa = PBXGroup;
			children = (
				40A206C715F67C19004BE2E1 /* AVFoundation.framework */,
				40A2068F15F67790004BE2E1 /* UIKit.framework */,
				40A2069115F67790004BE2E1 /* Foundation.framework */,
				40A2069315F67790004BE2E1 /* CoreGraphics.framework */,
				40A206B015F67791004BE2E1 /* SenTestingKit.framework */,
			);
			name = Frameworks;
			sourceTree = "<group>";
		};
		40A2069515F67790004BE2E1 /* AmbientPlayer */ = {
			isa = PBXGroup;
			children = (
				40A2069E15F67790004BE2E1 /* APAppDelegate.h */,
				40A2069F15F67790004BE2E1 /* APAppDelegate.m */,
				7EDE0C0215FB108200789400 /* APCrossFadePlayer.h */,
				7EDE0C0315FB108200789400 /* APCrossFadePlayer.m */,
				40A206A115F67790004BE2E1 /* APViewController.h */,
				40A206A215F67790004BE2E1 /* APViewController.m */,
				40A206A715F67791004BE2E1 /* APViewController_iPad.xib */,
				40A206A415F67790004BE2E1 /* APViewController_iPhone.xib */,
				40A2069615F67790004BE2E1 /* Supporting Files */,
			);
			path = AmbientPlayer;
			sourceTree = "<group>";
		};
		40A2069615F67790004BE2E1 /* Supporting Files */ = {
			isa = PBXGroup;
			children = (
				40A2069715F67790004BE2E1 /* AmbientPlayer-Info.plist */,
				40A2069815F67790004BE2E1 /* InfoPlist.strings */,
				40A2069B15F67790004BE2E1 /* main.m */,
				40A2069D15F67790004BE2E1 /* AmbientPlayer-Prefix.pch */,
			);
			name = "Supporting Files";
			sourceTree = "<group>";
		};
		40A206B615F67791004BE2E1 /* AmbientPlayerTests */ = {
			isa = PBXGroup;
			children = (
				40A206BC15F67791004BE2E1 /* AmbientPlayerTests.h */,
				40A206BD15F67791004BE2E1 /* AmbientPlayerTests.m */,
				40A206B715F67791004BE2E1 /* Supporting Files */,
			);
			path = AmbientPlayerTests;
			sourceTree = "<group>";
		};
		40A206B715F67791004BE2E1 /* Supporting Files */ = {
			isa = PBXGroup;
			children = (
				40A206B815F67791004BE2E1 /* AmbientPlayerTests-Info.plist */,
				40A206B915F67791004BE2E1 /* InfoPlist.strings */,
			);
			name = "Supporting Files";
			sourceTree = "<group>";
		};
/* End PBXGroup section */

/* Begin PBXNativeTarget section */
		40A2068A15F67790004BE2E1 /* AmbientPlayer */ = {
			isa = PBXNativeTarget;
			buildConfigurationList = 40A206C115F67791004BE2E1 /* Build configuration list for PBXNativeTarget "AmbientPlayer" */;
			buildPhases = (
				40A2068715F67790004BE2E1 /* Sources */,
				40A2068815F67790004BE2E1 /* Frameworks */,
				40A2068915F67790004BE2E1 /* Resources */,
			);
			buildRules = (
			);
			dependencies = (
			);
			name = AmbientPlayer;
			productName = AmbientPlayer;
			productReference = 40A2068B15F67790004BE2E1 /* AmbientPlayer.app */;
			productType = "com.apple.product-type.application";
		};
		40A206AE15F67791004BE2E1 /* AmbientPlayerTests */ = {
			isa = PBXNativeTarget;
			buildConfigurationList = 40A206C415F67791004BE2E1 /* Build configuration list for PBXNativeTarget "AmbientPlayerTests" */;
			buildPhases = (
				40A206AA15F67791004BE2E1 /* Sources */,
				40A206AB15F67791004BE2E1 /* Frameworks */,
				40A206AC15F67791004BE2E1 /* Resources */,
				40A206AD15F67791004BE2E1 /* ShellScript */,
			);
			buildRules = (
			);
			dependencies = (
				40A206B515F67791004BE2E1 /* PBXTargetDependency */,
			);
			name = AmbientPlayerTests;
			productName = AmbientPlayerTests;
			productReference = 40A206AF15F67791004BE2E1 /* AmbientPlayerTests.octest */;
			productType = "com.apple.product-type.bundle";
		};
/* End PBXNativeTarget section */

/* Begin PBXProject section */
		40A2068215F67790004BE2E1 /* Project object */ = {
			isa = PBXProject;
			attributes = {
				CLASSPREFIX = AP;
				LastUpgradeCheck = 0440;
				ORGANIZATIONNAME = InteractionPlus;
			};
			buildConfigurationList = 40A2068515F67790004BE2E1 /* Build configuration list for PBXProject "AmbientPlayer" */;
			compatibilityVersion = "Xcode 3.2";
			developmentRegion = English;
			hasScannedForEncodings = 0;
			knownRegions = (
				en,
			);
			mainGroup = 40A2068015F67790004BE2E1;
			productRefGroup = 40A2068C15F67790004BE2E1 /* Products */;
			projectDirPath = "";
			projectRoot = "";
			targets = (
				40A2068A15F67790004BE2E1 /* AmbientPlayer */,
				40A206AE15F67791004BE2E1 /* AmbientPlayerTests */,
			);
		};
/* End PBXProject section */

/* Begin PBXResourcesBuildPhase section */
		40A2068915F67790004BE2E1 /* Resources */ = {
			isa = PBXResourcesBuildPhase;
			buildActionMask = 2147483647;
			files = (
				40A2069A15F67790004BE2E1 /* InfoPlist.strings in Resources */,
				40A206A615F67790004BE2E1 /* APViewController_iPhone.xib in Resources */,
				40A206A915F67791004BE2E1 /* APViewController_iPad.xib in Resources */,
				40A206D715F682E0004BE2E1 /* ocean.m4a in Resources */,
				4018F06815F6D00600DB5B15 /* forest.m4a in Resources */,
				4018F06915F6D00600DB5B15 /* rain.m4a in Resources */,
				4018F06A15F6D00600DB5B15 /* stream.m4a in Resources */,
				7EDE0C0615FB180000789400 /* sea.m4a in Resources */,
			);
			runOnlyForDeploymentPostprocessing = 0;
		};
		40A206AC15F67791004BE2E1 /* Resources */ = {
			isa = PBXResourcesBuildPhase;
			buildActionMask = 2147483647;
			files = (
				40A206BB15F67791004BE2E1 /* InfoPlist.strings in Resources */,
			);
			runOnlyForDeploymentPostprocessing = 0;
		};
/* End PBXResourcesBuildPhase section */

/* Begin PBXShellScriptBuildPhase section */
		40A206AD15F67791004BE2E1 /* ShellScript */ = {
			isa = PBXShellScriptBuildPhase;
			buildActionMask = 2147483647;
			files = (
			);
			inputPaths = (
			);
			outputPaths = (
			);
			runOnlyForDeploymentPostprocessing = 0;
			shellPath = /bin/sh;
			shellScript = "# Run the unit tests in this test bundle.\n\"${SYSTEM_DEVELOPER_DIR}/Tools/RunUnitTests\"\n";
		};
/* End PBXShellScriptBuildPhase section */

/* Begin PBXSourcesBuildPhase section */
		40A2068715F67790004BE2E1 /* Sources */ = {
			isa = PBXSourcesBuildPhase;
			buildActionMask = 2147483647;
			files = (
				40A2069C15F67790004BE2E1 /* main.m in Sources */,
				40A206A015F67790004BE2E1 /* APAppDelegate.m in Sources */,
				40A206A315F67790004BE2E1 /* APViewController.m in Sources */,
				7EDE0C0415FB108200789400 /* APCrossFadePlayer.m in Sources */,
			);
			runOnlyForDeploymentPostprocessing = 0;
		};
		40A206AA15F67791004BE2E1 /* Sources */ = {
			isa = PBXSourcesBuildPhase;
			buildActionMask = 2147483647;
			files = (
				40A206BE15F67791004BE2E1 /* AmbientPlayerTests.m in Sources */,
			);
			runOnlyForDeploymentPostprocessing = 0;
		};
/* End PBXSourcesBuildPhase section */

/* Begin PBXTargetDependency section */
		40A206B515F67791004BE2E1 /* PBXTargetDependency */ = {
			isa = PBXTargetDependency;
			target = 40A2068A15F67790004BE2E1 /* AmbientPlayer */;
			targetProxy = 40A206B415F67791004BE2E1 /* PBXContainerItemProxy */;
		};
/* End PBXTargetDependency section */

/* Begin PBXVariantGroup section */
		40A2069815F67790004BE2E1 /* InfoPlist.strings */ = {
			isa = PBXVariantGroup;
			children = (
				40A2069915F67790004BE2E1 /* en */,
			);
			name = InfoPlist.strings;
			sourceTree = "<group>";
		};
		40A206A415F67790004BE2E1 /* APViewController_iPhone.xib */ = {
			isa = PBXVariantGroup;
			children = (
				40A206A515F67790004BE2E1 /* en */,
			);
			name = APViewController_iPhone.xib;
			sourceTree = "<group>";
		};
		40A206A715F67791004BE2E1 /* APViewController_iPad.xib */ = {
			isa = PBXVariantGroup;
			children = (
				40A206A815F67791004BE2E1 /* en */,
			);
			name = APViewController_iPad.xib;
			sourceTree = "<group>";
		};
		40A206B915F67791004BE2E1 /* InfoPlist.strings */ = {
			isa = PBXVariantGroup;
			children = (
				40A206BA15F67791004BE2E1 /* en */,
			);
			name = InfoPlist.strings;
			sourceTree = "<group>";
		};
/* End PBXVariantGroup section */

/* Begin XCBuildConfiguration section */
		40A206BF15F67791004BE2E1 /* Debug */ = {
			isa = XCBuildConfiguration;
			buildSettings = {
				ALWAYS_SEARCH_USER_PATHS = NO;
				ARCHS = "$(ARCHS_STANDARD_32_BIT)";
				CLANG_CXX_LANGUAGE_STANDARD = "gnu++0x";
				CLANG_ENABLE_OBJC_ARC = YES;
				CLANG_WARN__DUPLICATE_METHOD_MATCH = YES;
				"CODE_SIGN_IDENTITY[sdk=iphoneos*]" = "iPhone Developer";
				COPY_PHASE_STRIP = NO;
				GCC_C_LANGUAGE_STANDARD = gnu99;
				GCC_DYNAMIC_NO_PIC = NO;
				GCC_OPTIMIZATION_LEVEL = 0;
				GCC_PREPROCESSOR_DEFINITIONS = (
					"DEBUG=1",
					"$(inherited)",
				);
				GCC_SYMBOLS_PRIVATE_EXTERN = NO;
				GCC_VERSION = com.apple.compilers.llvm.clang.1_0;
				GCC_WARN_ABOUT_RETURN_TYPE = YES;
				GCC_WARN_UNINITIALIZED_AUTOS = YES;
				GCC_WARN_UNUSED_VARIABLE = YES;
				IPHONEOS_DEPLOYMENT_TARGET = 5.1;
				SDKROOT = iphoneos;
				TARGETED_DEVICE_FAMILY = "1,2";
			};
			name = Debug;
		};
		40A206C015F67791004BE2E1 /* Release */ = {
			isa = XCBuildConfiguration;
			buildSettings = {
				ALWAYS_SEARCH_USER_PATHS = NO;
				ARCHS = "$(ARCHS_STANDARD_32_BIT)";
				CLANG_CXX_LANGUAGE_STANDARD = "gnu++0x";
				CLANG_ENABLE_OBJC_ARC = YES;
				CLANG_WARN__DUPLICATE_METHOD_MATCH = YES;
				"CODE_SIGN_IDENTITY[sdk=iphoneos*]" = "iPhone Developer";
				COPY_PHASE_STRIP = YES;
				GCC_C_LANGUAGE_STANDARD = gnu99;
				GCC_VERSION = com.apple.compilers.llvm.clang.1_0;
				GCC_WARN_ABOUT_RETURN_TYPE = YES;
				GCC_WARN_UNINITIALIZED_AUTOS = YES;
				GCC_WARN_UNUSED_VARIABLE = YES;
				IPHONEOS_DEPLOYMENT_TARGET = 5.1;
				OTHER_CFLAGS = "-DNS_BLOCK_ASSERTIONS=1";
				SDKROOT = iphoneos;
				TARGETED_DEVICE_FAMILY = "1,2";
				VALIDATE_PRODUCT = YES;
			};
			name = Release;
		};
		40A206C215F67791004BE2E1 /* Debug */ = {
			isa = XCBuildConfiguration;
			buildSettings = {
				GCC_PRECOMPILE_PREFIX_HEADER = YES;
				GCC_PREFIX_HEADER = "AmbientPlayer/AmbientPlayer-Prefix.pch";
				INFOPLIST_FILE = "AmbientPlayer/AmbientPlayer-Info.plist";
				PRODUCT_NAME = "$(TARGET_NAME)";
				WRAPPER_EXTENSION = app;
			};
			name = Debug;
		};
		40A206C315F67791004BE2E1 /* Release */ = {
			isa = XCBuildConfiguration;
			buildSettings = {
				GCC_PRECOMPILE_PREFIX_HEADER = YES;
				GCC_PREFIX_HEADER = "AmbientPlayer/AmbientPlayer-Prefix.pch";
				INFOPLIST_FILE = "AmbientPlayer/AmbientPlayer-Info.plist";
				PRODUCT_NAME = "$(TARGET_NAME)";
				WRAPPER_EXTENSION = app;
			};
			name = Release;
		};
		40A206C515F67791004BE2E1 /* Debug */ = {
			isa = XCBuildConfiguration;
			buildSettings = {
				BUNDLE_LOADER = "$(BUILT_PRODUCTS_DIR)/AmbientPlayer.app/AmbientPlayer";
				FRAMEWORK_SEARCH_PATHS = (
					"\"$(SDKROOT)/Developer/Library/Frameworks\"",
					"\"$(DEVELOPER_LIBRARY_DIR)/Frameworks\"",
				);
				GCC_PRECOMPILE_PREFIX_HEADER = YES;
				GCC_PREFIX_HEADER = "AmbientPlayer/AmbientPlayer-Prefix.pch";
				INFOPLIST_FILE = "AmbientPlayerTests/AmbientPlayerTests-Info.plist";
				PRODUCT_NAME = "$(TARGET_NAME)";
				TEST_HOST = "$(BUNDLE_LOADER)";
				WRAPPER_EXTENSION = octest;
			};
			name = Debug;
		};
		40A206C615F67791004BE2E1 /* Release */ = {
			isa = XCBuildConfiguration;
			buildSettings = {
				BUNDLE_LOADER = "$(BUILT_PRODUCTS_DIR)/AmbientPlayer.app/AmbientPlayer";
				FRAMEWORK_SEARCH_PATHS = (
					"\"$(SDKROOT)/Developer/Library/Frameworks\"",
					"\"$(DEVELOPER_LIBRARY_DIR)/Frameworks\"",
				);
				GCC_PRECOMPILE_PREFIX_HEADER = YES;
				GCC_PREFIX_HEADER = "AmbientPlayer/AmbientPlayer-Prefix.pch";
				INFOPLIST_FILE = "AmbientPlayerTests/AmbientPlayerTests-Info.plist";
				PRODUCT_NAME = "$(TARGET_NAME)";
				TEST_HOST = "$(BUNDLE_LOADER)";
				WRAPPER_EXTENSION = octest;
			};
			name = Release;
		};
/* End XCBuildConfiguration section */

/* Begin XCConfigurationList section */
		40A2068515F67790004BE2E1 /* Build configuration list for PBXProject "AmbientPlayer" */ = {
			isa = XCConfigurationList;
			buildConfigurations = (
				40A206BF15F67791004BE2E1 /* Debug */,
				40A206C015F67791004BE2E1 /* Release */,
			);
			defaultConfigurationIsVisible = 0;
			defaultConfigurationName = Release;
		};
		40A206C115F67791004BE2E1 /* Build configuration list for PBXNativeTarget "AmbientPlayer" */ = {
			isa = XCConfigurationList;
			buildConfigurations = (
				40A206C215F67791004BE2E1 /* Debug */,
				40A206C315F67791004BE2E1 /* Release */,
			);
			defaultConfigurationIsVisible = 0;
			defaultConfigurationName = Release;
		};
		40A206C415F67791004BE2E1 /* Build configuration list for PBXNativeTarget "AmbientPlayerTests" */ = {
			isa = XCConfigurationList;
			buildConfigurations = (
				40A206C515F67791004BE2E1 /* Debug */,
				40A206C615F67791004BE2E1 /* Release */,
			);
			defaultConfigurationIsVisible = 0;
			defaultConfigurationName = Release;
		};
/* End XCConfigurationList section */
	};
	rootObject = 40A2068215F67790004BE2E1 /* Project object */;
}
